# THIS IS AN AUTOGENERATED FILE. DO NOT EDIT THIS FILE DIRECTLY.
# yarn lockfile v1


"@egjs/hammerjs@^2.0.17":
  version "2.0.17"
  resolved "https://registry.yarnpkg.com/@egjs/hammerjs/-/hammerjs-2.0.17.tgz#5dc02af75a6a06e4c2db0202cae38c9263895124"
  dependencies:
    "@types/hammerjs" "^2.0.36"

"@react-native-community/masked-view@^0.1.6":
  version "0.1.6"
  resolved "https://registry.yarnpkg.com/@react-native-community/masked-view/-/masked-view-0.1.6.tgz#c7f2ac187c1f25aa8c30d11baa8f4398eca3bb84"

"@react-navigation/core@^5.1.0":
  version "5.1.0"
  resolved "https://registry.yarnpkg.com/@react-navigation/core/-/core-5.1.0.tgz#fba305f271aebcd4d7bdf8b094ede23204d76c45"
  dependencies:
    "@react-navigation/routers" "^5.0.1"
    escape-string-regexp "^2.0.0"
    query-string "^6.10.1"
    react-is "^16.12.0"
    shortid "^2.2.15"
    use-subscription "^1.3.0"

"@react-navigation/native@^5.0.1":
  version "5.0.1"
  resolved "https://registry.yarnpkg.com/@react-navigation/native/-/native-5.0.1.tgz#980f9d4897e48d43678488707564269096339acd"
  dependencies:
    "@react-navigation/core" "^5.1.0"

"@react-navigation/routers@^5.0.1":
  version "5.0.1"
  resolved "https://registry.yarnpkg.com/@react-navigation/routers/-/routers-5.0.1.tgz#211969a60ec8ea84b308713a3d3f341ef5d82547"
  dependencies:
    shortid "^2.2.15"

"@types/hammerjs@^2.0.36":
  version "2.0.36"
  resolved "https://registry.yarnpkg.com/@types/hammerjs/-/hammerjs-2.0.36.tgz#17ce0a235e9ffbcdcdf5095646b374c2bf615a4c"

debounce@^1.2.0:
  version "1.2.0"
  resolved "https://registry.yarnpkg.com/debounce/-/debounce-1.2.0.tgz#44a540abc0ea9943018dc0eaa95cce87f65cd131"

decode-uri-component@^0.2.0:
  version "0.2.0"
  resolved "https://registry.yarnpkg.com/decode-uri-component/-/decode-uri-component-0.2.0.tgz#eb3913333458775cb84cd1a1fae062106bb87545"

escape-string-regexp@^2.0.0:
  version "2.0.0"
  resolved "https://registry.yarnpkg.com/escape-string-regexp/-/escape-string-regexp-2.0.0.tgz#a30304e99daa32e23b2fd20f51babd07cffca344"

"hammerjs@git+https://github.com/naver/hammer.js.git":
  version "2.0.17-snapshot"
  resolved "git+https://github.com/naver/hammer.js.git#54bc698b25edd6e1b76ca975ebaced5ce0467d51"
  dependencies:
    "@types/hammerjs" "^2.0.36"

hoist-non-react-statics@^2.3.1:
  version "2.5.5"
  resolved "https://registry.yarnpkg.com/hoist-non-react-statics/-/hoist-non-react-statics-2.5.5.tgz#c5903cf409c0dfd908f388e619d86b9c1174cb47"

invariant@^2.2.4:
  version "2.2.4"
  resolved "https://registry.yarnpkg.com/invariant/-/invariant-2.2.4.tgz#610f3c92c9359ce1db616e538008d23ff35158e6"
  dependencies:
    loose-envify "^1.0.0"

"js-tokens@^3.0.0 || ^4.0.0":
  version "4.0.0"
  resolved "https://registry.yarnpkg.com/js-tokens/-/js-tokens-4.0.0.tgz#19203fb59991df98e3a287050d4647cdeaf32499"

loose-envify@^1.0.0, loose-envify@^1.4.0:
  version "1.4.0"
  resolved "https://registry.yarnpkg.com/loose-envify/-/loose-envify-1.4.0.tgz#71ee51fa7be4caec1a63839f7e682d8132d30caf"
  dependencies:
    js-tokens "^3.0.0 || ^4.0.0"

nanoid@^2.1.0:
  version "2.1.11"
  resolved "https://registry.yarnpkg.com/nanoid/-/nanoid-2.1.11.tgz#ec24b8a758d591561531b4176a01e3ab4f0f0280"

object-assign@^4.1.1:
  version "4.1.1"
  resolved "https://registry.yarnpkg.com/object-assign/-/object-assign-4.1.1.tgz#2109adc7965887cfc05cbbd442cac8bfbb360863"

prop-types@^15.7.2:
  version "15.7.2"
  resolved "https://registry.yarnpkg.com/prop-types/-/prop-types-15.7.2.tgz#52c41e75b8c87e72b9d9360e0206b99dcbffa6c5"
  dependencies:
    loose-envify "^1.4.0"
    object-assign "^4.1.1"
    react-is "^16.8.1"

query-string@^6.10.1:
  version "6.10.1"
  resolved "https://registry.yarnpkg.com/query-string/-/query-string-6.10.1.tgz#30b3505f6fca741d5ae541964d1b3ae9dc2a0de8"
  dependencies:
    decode-uri-component "^0.2.0"
    split-on-first "^1.0.0"
    strict-uri-encode "^2.0.0"

react-is@^16.12.0, react-is@^16.8.1:
  version "16.12.0"
  resolved "https://registry.yarnpkg.com/react-is/-/react-is-16.12.0.tgz#2cc0fe0fba742d97fd527c42a13bec4eeb06241c"

react-native-gesture-handler@^1.5.6:
  version "1.5.6"
  resolved "https://registry.yarnpkg.com/react-native-gesture-handler/-/react-native-gesture-handler-1.5.6.tgz#5d90145f624e3707db2930f43ab41579683e2375"
  dependencies:
    "@egjs/hammerjs" "^2.0.17"
    hammerjs "https://github.com/naver/hammer.js.git"
    hoist-non-react-statics "^2.3.1"
    invariant "^2.2.4"
    prop-types "^15.7.2"

react-native-reanimated@^1.7.0:
  version "1.7.0"
  resolved "https://registry.yarnpkg.com/react-native-reanimated/-/react-native-reanimated-1.7.0.tgz#896db2576552ac59d288a1f6c7f00afc171f240c"

react-native-safe-area-context@^0.7.2:
  version "0.7.2"
  resolved "https://registry.yarnpkg.com/react-native-safe-area-context/-/react-native-safe-area-context-0.7.2.tgz#bec7f339eb1fd52716fd0ebe4ccc12645c7385ee"

react-native-screens@^2.0.0-beta.2:
  version "2.0.0-beta.2"
  resolved "https://registry.yarnpkg.com/react-native-screens/-/react-native-screens-2.0.0-beta.2.tgz#317e844e02134b42aa0e3551da925c511cc58d64"
  dependencies:
    debounce "^1.2.0"

shortid@^2.2.15:
  version "2.2.15"
  resolved "https://registry.yarnpkg.com/shortid/-/shortid-2.2.15.tgz#2b902eaa93a69b11120373cd42a1f1fe4437c122"
  dependencies:
    nanoid "^2.1.0"

split-on-first@^1.0.0:
  version "1.1.0"
  resolved "https://registry.yarnpkg.com/split-on-first/-/split-on-first-1.1.0.tgz#f610afeee3b12bce1d0c30425e76398b78249a5f"

strict-uri-encode@^2.0.0:
  version "2.0.0"
  resolved "https://registry.yarnpkg.com/strict-uri-encode/-/strict-uri-encode-2.0.0.tgz#b9c7330c7042862f6b142dc274bbcc5866ce3546"

use-subscription@^1.3.0:
  version "1.3.0"
  resolved "https://registry.yarnpkg.com/use-subscription/-/use-subscription-1.3.0.tgz#3df13a798e826c8d462899423293289a3362e4e6"
  dependencies:
    object-assign "^4.1.1"
